
Microsoft Visual Studio Solution File, Format Version 12.00
# Visual Studio Version 17
VisualStudioVersion = 17.9.34728.123
MinimumVisualStudioVersion = 10.0.40219.1
Project("{FAE04EC0-301F-11D3-BF4B-00C04F79EFBC}") = "ConsoleApp1", "ConsoleApp1.csproj", "{B7B28738-5283-4AC7-BC55-7DD67C5968FE}"
EndProject
Global
	GlobalSection(SolutionConfigurationPlatforms) = preSolution
		Debug|Any CPU = Debug|Any CPU
		Release|Any CPU = Release|Any CPU
	EndGlobalSection
	GlobalSection(ProjectConfigurationPlatforms) = postSolution
		{B7B28738-5283-4AC7-BC55-7DD67C5968FE}.Debug|Any CPU.ActiveCfg = Debug|Any CPU
		{B7B28738-5283-4AC7-BC55-7DD67C5968FE}.Debug|Any CPU.Build.0 = Debug|Any CPU
		{B7B28738-5283-4AC7-BC55-7DD67C5968FE}.Release|Any CPU.ActiveCfg = Release|Any CPU
		{B7B28738-5283-4AC7-BC55-7DD67C5968FE}.Release|Any CPU.Build.0 = Release|Any CPU
	EndGlobalSection
	GlobalSection(SolutionProperties) = preSolution
		HideSolutionNode = FALSE
	EndGlobalSection
	GlobalSection(ExtensibilityGlobals) = postSolution
		SolutionGuid = {739D84B7-C0EA-4AA8-8CB2-5F03C7E4AF0B}
	EndGlobalSection
EndGlobal
